{
  "_comment": "Auto-generated by aide grammar install. Commit this file to pin grammar versions.",
  "generated_at": "2026-02-27T16:59:19.406184288Z",
  "grammars": {
    "bash": {
      "version": "snapshot",
      "sha256": "1e2f0c2366ff7ba7a18d510bbca2e33cadee4f8ec126344207bf11b9e01c2400",
      "c_symbol": "tree_sitter_bash"
    },
    "kotlin": {
      "version": "snapshot",
      "sha256": "2e11e80b9e7a4b4738cd24304e9181ee0bdcc2c43eba845b3a4f85626199181c",
      "c_symbol": "tree_sitter_kotlin"
    },
    "lua": {
      "version": "snapshot",
      "sha256": "e25e0c7a3504ff92b82cb208d55a3e602b676b5d4cc3a1d0b28af6368a29de08",
      "c_symbol": "tree_sitter_lua"
    },
    "protobuf": {
      "version": "snapshot",
      "sha256": "9f138353b90332836d57c945084b600014c9abba22ad3c2a4337862f1d408f7c",
      "c_symbol": "tree_sitter_proto"
    },
    "ruby": {
      "version": "snapshot",
      "sha256": "93c264285b453eb6a3c5d42fcb36d914188304ff59d56beca49895b2e00645bd",
      "c_symbol": "tree_sitter_ruby"
    },
    "toml": {
      "version": "snapshot",
      "sha256": "8e7d83ad814cf2edd160c19fe9d6e0df38491f106f59515ebe77d4f162c30535",
      "c_symbol": "tree_sitter_toml"
    },
    "yaml": {
      "version": "snapshot",
      "sha256": "9aeacdf32882377ce6e43490193132d3f2461833cacf9c557685889631c6e92e",
      "c_symbol": "tree_sitter_yaml"
    }
  }
}
