dario.cat/mergo v1.0.2 h1:85+piFYR1tMbRrLcDwR18y4UKJ3aH1Tbzi24VRW1TK8=
dario.cat/mergo v1.0.2/go.mod h1:E/hbnu0NxMFBjpMIE34DRGLWqDy0g5FuKDhCb31ngxA=
github.com/Azure/azure-sdk-for-go/sdk/azcore v1.21.1 h1:jHb/wfvRikGdxMXYV3QG/SzUOPYN9KEUUuC0Yd0/vC0=
github.com/Azure/azure-sdk-for-go/sdk/azcore v1.21.1/go.mod h1:pzBXCYn05zvYIrwLgtK8Ap8QcjRg+0i76tMQdWN6wOk=
github.com/Azure/azure-sdk-for-go/sdk/azidentity v1.13.1 h1:Hk5QBxZQC1jb2Fwj6mpzme37xbCDdNTxU7O9eb5+LB4=
github.com/Azure/azure-sdk-for-go/sdk/azidentity v1.13.1/go.mod h1:IYus9qsFobWIc2YVwe/WPjcnyCkPKtnHAqUYeebc8z0=
github.com/Azure/azure-sdk-for-go/sdk/internal v1.12.0 h1:fhqpLE3UEXi9lPaBRpQ6XuRW0nU7hgg4zlmZZa+a9q4=
github.com/Azure/azure-sdk-for-go/sdk/internal v1.12.0/go.mod h1:7dCRMLwisfRH3dBupKeNCioWYUZ4SS09Z14H+7i8ZoY=
github.com/Azure/azure-sdk-for-go/sdk/resourcemanager/storage/armstorage v1.8.1 h1:/Zt+cDPnpC3OVDm/JKLOs7M2DKmLRIIp3XIx9pHHiig=
github.com/Azure/azure-sdk-for-go/sdk/resourcemanager/storage/armstorage v1.8.1/go.mod h1:Ng3urmn6dYe8gnbCMoHHVl5APYz2txho3koEkV2o2HA=
github.com/Azure/azure-sdk-for-go/sdk/storage/azblob v1.7.0 h1:BM85pSYlVYQHdq00nxyPoOkyLF5NArJG3bOsrmbwr4k=
github.com/Azure/azure-sdk-for-go/sdk/storage/azblob v1.7.0/go.mod h1:QYjP2cB7ZYtS/8jAbE0VSBZde/tjExqGjp+8JY6/+ts=
github.com/AzureAD/microsoft-authentication-library-for-go v1.7.2 h1:RHK7bS+HQMslb1sZpAokUt+zTVmue0hKSs2C791hhzU=
github.com/AzureAD/microsoft-authentication-library-for-go v1.7.2/go.mod h1:HKpQxkWaGLJ+D/5H8QRpyQXA1eKjxkFlOMwck5+33Jk=
github.com/Microsoft/go-winio v0.5.2/go.mod h1:WpS1mjBmmwHBEWmogvA2mj8546UReBk4v8QkMxJ6pZY=
github.com/Microsoft/go-winio v0.6.2 h1:F2VQgta7ecxGYO8k3ZZz3RS8fVIXVxONVUPlNERoyfY=
github.com/Microsoft/go-winio v0.6.2/go.mod h1:yd8OoFMLzJbo9gZq8j5qaps8bJ9aShtEA8Ipt1oGCvU=
github.com/ProtonMail/go-crypto v1.4.1 h1:9RfcZHqEQUvP8RzecWEUafnZVtEvrBVL9BiF67IQOfM=
github.com/ProtonMail/go-crypto v1.4.1/go.mod h1:e1OaTyu5SYVrO9gKOEhTc+5UcXtTUa+P3uLudwcgPqo=
github.com/RoaringBitmap/roaring/v2 v2.18.0 h1:h7sS0VqCkfBMGgcHaudJFB4FE6Td71H6svRB2poRnGY=
github.com/RoaringBitmap/roaring/v2 v2.18.0/go.mod h1:eq4wdNXxtJIS/oikeCzdX1rBzek7ANzbth041hrU8Q4=
github.com/anmitsu/go-shlex v0.0.0-20200514113438-38f4b401e2be h1:9AeTilPcZAjCFIImctFaOjnTIavg87rW78vTPkQqLI8=
github.com/anmitsu/go-shlex v0.0.0-20200514113438-38f4b401e2be/go.mod h1:ySMOLuWl6zY27l47sB3qLNK6tF2fkHG55UZxx8oIVo4=
github.com/armon/go-socks5 v0.0.0-20160902184237-e75332964ef5 h1:0CwZNZbxp69SHPdPJAN/hZIm0C4OItdklCFmMRWYpio=
github.com/armon/go-socks5 v0.0.0-20160902184237-e75332964ef5/go.mod h1:wHh0iHkYZB8zMSxRWpUBQtwG5a7fFgvEO+odwuTv2gs=
github.com/aws/aws-sdk-go-v2 v1.41.7 h1:DWpAJt66FmnnaRIOT/8ASTucrvuDPZASqhhLey6tLY8=
github.com/aws/aws-sdk-go-v2 v1.41.7/go.mod h1:4LAfZOPHNVNQEckOACQx60Y8pSRjIkNZQz1w92xpMJc=
github.com/aws/aws-sdk-go-v2/config v1.32.17 h1:FpL4/758/diKwqbytU0prpuiu60fgXKUWCpDJtApclU=
github.com/aws/aws-sdk-go-v2/config v1.32.17/go.mod h1:OXqUMzgXytfoF9JaKkhrOYsyh72t9G+MJH8mMRaexOE=
github.com/aws/aws-sdk-go-v2/credentials v1.19.16 h1:r3RJBuU7X9ibt8RHbMjWE6y60QbKBiII6wSrXnapxSU=
github.com/aws/aws-sdk-go-v2/credentials v1.19.16/go.mod h1:6cx7zqDENJDbBIIWX6P8s0h6hqHC8Avbjh9Dseo27ug=
github.com/aws/aws-sdk-go-v2/feature/ec2/imds v1.18.23 h1:UuSfcORqNSz/ey3VPRS8TcVH2Ikf0/sC+Hdj400QI6U=
github.com/aws/aws-sdk-go-v2/feature/ec2/imds v1.18.23/go.mod h1:+G/OSGiOFnSOkYloKj/9M35s74LgVAdJBSD5lsFfqKg=
github.com/aws/aws-sdk-go-v2/internal/configsources v1.4.23 h1:GpT/TrnBYuE5gan2cZbTtvP+JlHsutdmlV2YfEyNde0=
github.com/aws/aws-sdk-go-v2/internal/configsources v1.4.23/go.mod h1:xYWD6BS9ywC5bS3sz9Xh04whO/hzK2plt2Zkyrp4JuA=
github.com/aws/aws-sdk-go-v2/internal/endpoints/v2 v2.7.23 h1:bpd8vxhlQi2r1hiueOw02f/duEPTMK59Q4QMAoTTtTo=
github.com/aws/aws-sdk-go-v2/internal/endpoints/v2 v2.7.23/go.mod h1:15DfR2nw+CRHIk0tqNyifu3G1YdAOy68RftkhMDDwYk=
github.com/aws/aws-sdk-go-v2/internal/v4a v1.4.24 h1:OQqn11BtaYv1WLUowvcA30MpzIu8Ti4pcLPIIyoKZrA=
github.com/aws/aws-sdk-go-v2/internal/v4a v1.4.24/go.mod h1:X5ZJyfwVrWA96GzPmUCWFQaEARPR7gCrpq2E92PJwAE=
github.com/aws/aws-sdk-go-v2/service/iam v1.53.10 h1:kcN3I3llO7VwIY5w3Pc5FmEonpsr23Ou7Cwk4qf7dik=
github.com/aws/aws-sdk-go-v2/service/iam v1.53.10/go.mod h1:1vkJzjCYC3byO0kIrBqLPzvZpuvYhPXkuyARs6E7tM4=
github.com/aws/aws-sdk-go-v2/service/internal/accept-encoding v1.13.9 h1:FLudkZLt5ci0ozzgkVo8BJGwvqNaZbTWb3UcucAateA=
github.com/aws/aws-sdk-go-v2/service/internal/accept-encoding v1.13.9/go.mod h1:w7wZ/s9qK7c8g4al+UyoF1Sp/Z45UwMGcqIzLWVQHWk=
github.com/aws/aws-sdk-go-v2/service/internal/presigned-url v1.13.23 h1:pbrxO/kuIwgEsOPLkaHu0O+m4fNgLU8B3vxQ+72jTPw=
github.com/aws/aws-sdk-go-v2/service/internal/presigned-url v1.13.23/go.mod h1:/CMNUqoj46HpS3MNRDEDIwcgEnrtZlKRaHNaHxIFpNA=
github.com/aws/aws-sdk-go-v2/service/signin v1.0.11 h1:TdJ+HdzOBhU8+iVAOGUTU63VXopcumCOF1paFulHWZc=
github.com/aws/aws-sdk-go-v2/service/signin v1.0.11/go.mod h1:R82ZRExE/nheo0N+T8zHPcLRTcH8MGsnR3BiVGX0TwI=
github.com/aws/aws-sdk-go-v2/service/sso v1.30.17 h1:7byT8HUWrgoRp6sXjxtZwgOKfhss5fW6SkLBtqzgRoE=
github.com/aws/aws-sdk-go-v2/service/sso v1.30.17/go.mod h1:xNWknVi4Ezm1vg1QsB/5EWpAJURq22uqd38U8qKvOJc=
github.com/aws/aws-sdk-go-v2/service/ssooidc v1.35.21 h1:+1Kl1zx6bWi4X7cKi3VYh29h8BvsCoHQEQ6ST9X8w7w=
github.com/aws/aws-sdk-go-v2/service/ssooidc v1.35.21/go.mod h1:4vIRDq+CJB2xFAXZ+YgGUTiEft7oAQlhIs71xcSeuVg=
github.com/aws/aws-sdk-go-v2/service/sts v1.42.1 h1:F/M5Y9I3nwr2IEpshZgh1GeHpOItExNM9L1euNuh/fk=
github.com/aws/aws-sdk-go-v2/service/sts v1.42.1/go.mod h1:mTNxImtovCOEEuD65mKW7DCsL+2gjEH+RPEAexAzAio=
github.com/aws/smithy-go v1.25.1 h1:J8ERsGSU7d+aCmdQur5Txg6bVoYelvQJgtZehD12GkI=
github.com/aws/smithy-go v1.25.1/go.mod h1:YE2RhdIuDbA5E5bTdciG9KrW3+TiEONeUWCqxX9i1Fc=
github.com/bits-and-blooms/bitset v1.24.4 h1:95H15Og1clikBrKr/DuzMXkQzECs1M6hhoGXLwLQOZE=
github.com/bits-and-blooms/bitset v1.24.4/go.mod h1:7hO7Gc7Pp1vODcmWvKMRA9BNmbv6a/7QIWpPxHddWR8=
github.com/blevesearch/bleve/v2 v2.6.0 h1:Cyd3dd4q5tCbOV8MnKUVRUDYMHOir9xn12NZzXVSEd4=
github.com/blevesearch/bleve/v2 v2.6.0/go.mod h1:gLmI8lWgHgrIYf7UpUX7JISI1CaqC6VScu46mHThuAY=
github.com/blevesearch/bleve_index_api v1.3.11 h1:x29vbV8OjWfLcrDVd7Lr1q+BkLNS0JWNEig0MCVnKH4=
github.com/blevesearch/bleve_index_api v1.3.11/go.mod h1:xvd48t5XMeeioWQ5/jZvgLrV98flT2rdvEJ3l/ki4Ko=
github.com/blevesearch/geo v0.2.5 h1:yJg9FX1oRwLnjXSXF+ECHfXFTF4diF02Ca/qUGVjJhE=
github.com/blevesearch/geo v0.2.5/go.mod h1:Jhq7WE2K6mJTx1xS44M2pUO6Io+wjCSHh1+co3YOgH4=
github.com/blevesearch/go-faiss v1.1.1 h1:oUignystYUkdYBrVh6PkTkBlfCNql2QcS+fc0fTjtVQ=
github.com/blevesearch/go-faiss v1.1.1/go.mod h1:OMGQwOaRRYxrmeNdMrXJPvVx8gBnvE5RYrr0BahNnkk=
github.com/blevesearch/go-porterstemmer v1.0.3 h1:GtmsqID0aZdCSNiY8SkuPJ12pD4jI+DdXTAn4YRcHCo=
github.com/blevesearch/go-porterstemmer v1.0.3/go.mod h1:angGc5Ht+k2xhJdZi511LtmxuEf0OVpvUUNrwmM1P7M=
github.com/blevesearch/gtreap v0.1.1 h1:2JWigFrzDMR+42WGIN/V2p0cUvn4UP3C4Q5nmaZGW8Y=
github.com/blevesearch/gtreap v0.1.1/go.mod h1:QaQyDRAT51sotthUWAH4Sj08awFSSWzgYICSZ3w0tYk=
github.com/blevesearch/mmap-go v1.2.0 h1:l33nNKPFcBjJUMwem6sAYJPUzhUCABoK9FxZDGiFNBI=
github.com/blevesearch/mmap-go v1.2.0/go.mod h1:Vd6+20GBhEdwJnU1Xohgt88XCD/CTWcqbCNxkZpyBo0=
github.com/blevesearch/scorch_segment_api/v2 v2.4.7 h1:GlMzW08hcsM3DnLUxhyF/1PcDal1qtvvIuytuph5djw=
github.com/blevesearch/scorch_segment_api/v2 v2.4.7/go.mod h1://IJ7tG3QCf0cWW/aVSXqy77tc1AvLu3fcJLYEvOAFs=
github.com/blevesearch/segment v0.9.1 h1:+dThDy+Lvgj5JMxhmOVlgFfkUtZV2kw49xax4+jTfSU=
github.com/blevesearch/segment v0.9.1/go.mod h1:zN21iLm7+GnBHWTao9I+Au/7MBiL8pPFtJBJTsk6kQw=
github.com/blevesearch/snowballstem v0.9.0 h1:lMQ189YspGP6sXvZQ4WZ+MLawfV8wOmPoD/iWeNXm8s=
github.com/blevesearch/snowballstem v0.9.0/go.mod h1:PivSj3JMc8WuaFkTSRDW2SlrulNWPl4ABg1tC/hlgLs=
github.com/blevesearch/upsidedown_store_api v1.0.2 h1:U53Q6YoWEARVLd1OYNc9kvhBMGZzVrdmaozG2MfoB+A=
github.com/blevesearch/upsidedown_store_api v1.0.2/go.mod h1:M01mh3Gpfy56Ps/UXHjEO/knbqyQ1Oamg8If49gRwrQ=
github.com/blevesearch/vellum v1.2.0 h1:xkDiOEsHc2t3Cp0NsNZZ36pvc130sCzcGKOPMzXe+e0=
github.com/blevesearch/vellum v1.2.0/go.mod h1:uEcfBJz7mAOf0Kvq6qoEKQQkLODBF46SINYNkZNae4k=
github.com/blevesearch/zapx/v11 v11.4.3 h1:PTZOO5loKpHC/x/GzmPZNa9cw7GZIQxd5qRjwij9tHY=
github.com/blevesearch/zapx/v11 v11.4.3/go.mod h1:4gdeyy9oGa/lLa6D34R9daXNUvfMPZqUYjPwiLmekwc=
github.com/blevesearch/zapx/v12 v12.4.3 h1:eElXvAaAX4m04t//CGBQAtHNPA+Q6A1hHZVrN3LSFYo=
github.com/blevesearch/zapx/v12 v12.4.3/go.mod h1:TdFmr7afSz1hFh/SIBCCZvcLfzYvievIH6aEISCte58=
github.com/blevesearch/zapx/v13 v13.4.3 h1:qsdhRhaSpVnqDFlRiH9vG5+KJ+dE7KAW9WyZz/KXAiE=
github.com/blevesearch/zapx/v13 v13.4.3/go.mod h1:knK8z2NdQHlb5ot/uj8wuvOq5PhDGjNYQQy0QDnopZk=
github.com/blevesearch/zapx/v14 v14.4.3 h1:GY4Hecx0C6UTmiNC2pKdeA2rOKiLR5/rwpU9WR51dgM=
github.com/blevesearch/zapx/v14 v14.4.3/go.mod h1:rz0XNb/OZSMjNorufDGSpFpjoFKhXmppH9Hi7a877D8=
github.com/blevesearch/zapx/v15 v15.4.3 h1:iJiMJOHrz216jyO6lS0m9RTCEkprUnzvqAI2lc/0/CU=
github.com/blevesearch/zapx/v15 v15.4.3/go.mod h1:1pssev/59FsuWcgSnTa0OeEpOzmhtmr/0/11H0Z8+Nw=
github.com/blevesearch/zapx/v16 v16.3.4 h1:hDAqA8qusZTNbPEL7//w5P65UZ2de6yhSeUaTbp0Po0=
github.com/blevesearch/zapx/v16 v16.3.4/go.mod h1:zqkPPqs9GS9FzVWzCO3Wf1X044yWAV17+4zb+FTiEHg=
github.com/blevesearch/zapx/v17 v17.1.3 h1:ew94PR1FaiHIks/Dy+sTc/ZK4Dy5RIBc3e/OvVGUYok=
github.com/blevesearch/zapx/v17 v17.1.3/go.mod h1:zW9ysJLBAm3C3ooXsmdqA1SREpA5waknCrfpd/ivGBo=
github.com/bmatcuk/doublestar/v4 v4.10.0 h1:zU9WiOla1YA122oLM6i4EXvGW62DvKZVxIe6TYWexEs=
github.com/bmatcuk/doublestar/v4 v4.10.0/go.mod h1:xBQ8jztBU6kakFMg+8WGxn0c6z1fTSPVIjEY1Wr7jzc=
github.com/cespare/xxhash/v2 v2.3.0 h1:UL815xU9SqsFlibzuggzjXhog7bL6oX9BbNZnL2UFvs=
github.com/cespare/xxhash/v2 v2.3.0/go.mod h1:VGX0DQ3Q6kWi7AoAeZDth3/j3BFtOZR5XLFGgcrjCOs=
github.com/clipperhouse/displaywidth v0.10.0 h1:GhBG8WuerxjFQQYeuZAeVTuyxuX+UraiZGD4HJQ3Y8g=
github.com/clipperhouse/displaywidth v0.10.0/go.mod h1:XqJajYsaiEwkxOj4bowCTMcT1SgvHo9flfF3jQasdbs=
github.com/clipperhouse/uax29/v2 v2.7.0 h1:+gs4oBZ2gPfVrKPthwbMzWZDaAFPGYK72F0NJv2v7Vk=
github.com/clipperhouse/uax29/v2 v2.7.0/go.mod h1:EFJ2TJMRUaplDxHKj1qAEhCtQPW2tJSwu5BF98AuoVM=
github.com/cloudflare/ahocorasick v0.0.0-20240916140611-054963ec9396 h1:W2HK1IdCnCGuLUeyizSCkwvBjdj0ZL7mxnJYQ3poyzI=
github.com/cloudflare/ahocorasick v0.0.0-20240916140611-054963ec9396/go.mod h1:tGWUZLZp9ajsxUOnHmFFLnqnlKXsCn6GReG4jAD59H0=
github.com/cloudflare/circl v1.6.3 h1:9GPOhQGF9MCYUeXyMYlqTR6a5gTrgR/fBLXvUgtVcg8=
github.com/cloudflare/circl v1.6.3/go.mod h1:2eXP6Qfat4O/Yhh8BznvKnJ+uzEoTQ6jVKJRn81BiS4=
github.com/cyphar/filepath-securejoin v0.6.1 h1:5CeZ1jPXEiYt3+Z6zqprSAgSWiggmpVyciv8syjIpVE=
github.com/cyphar/filepath-securejoin v0.6.1/go.mod h1:A8hd4EnAeyujCJRrICiOWqjS1AX0a9kM5XL+NwKoYSc=
github.com/davecgh/go-spew v1.1.0/go.mod h1:J7Y8YcW2NihsgmVo/mv3lAwl/skON4iLHjSsI+c5H38=
github.com/davecgh/go-spew v1.1.1 h1:vj9j/u1bqnvCEfJOwUhtlOARqs3+rkHYY13jYWTU97c=
github.com/davecgh/go-spew v1.1.1/go.mod h1:J7Y8YcW2NihsgmVo/mv3lAwl/skON4iLHjSsI+c5H38=
github.com/dlclark/regexp2 v1.12.0 h1:0j4c5qQmnC6XOWNjP3PIXURXN2gWx76rd3KvgdPkCz8=
github.com/dlclark/regexp2 v1.12.0/go.mod h1:DHkYz0B9wPfa6wondMfaivmHpzrQ3v9q8cnmRbL6yW8=
github.com/ebitengine/purego v0.10.0 h1:QIw4xfpWT6GWTzaW5XEKy3HXoqrJGx1ijYHzTF0/ISU=
github.com/ebitengine/purego v0.10.0/go.mod h1:iIjxzd6CiRiOG0UyXP+V1+jWqUXVjPKLAI0mRfJZTmQ=
github.com/elazarl/goproxy v1.7.2 h1:Y2o6urb7Eule09PjlhQRGNsqRfPmYI3KKQLFpCAV3+o=
github.com/elazarl/goproxy v1.7.2/go.mod h1:82vkLNir0ALaW14Rc399OTTjyNREgmdL2cVoIbS6XaE=
github.com/emirpasic/gods v1.18.1 h1:FXtiHYKDGKCW2KzwZKx0iC0PQmdlorYgdFG9jPXJ1Bc=
github.com/emirpasic/gods v1.18.1/go.mod h1:8tpGGwCnJ5H4r6BWwaV6OrWmMoPhUl5jm/FMNAnJvWQ=
github.com/fatih/color v1.18.0 h1:S8gINlzdQ840/4pfAwic/ZE0djQEH3wM94VfqLTZcOM=
github.com/fatih/color v1.18.0/go.mod h1:4FelSpRwEGDpQ12mAdzqdOukCy4u8WUtOY6lkT/6HfU=
github.com/flier/gohs v1.2.3 h1:GlsPhGTLfhLFQ6ZzNbXojyzIADldmC5OPGcvNd1Pteo=
github.com/flier/gohs v1.2.3/go.mod h1:MJr+IUI8QKDiE8lrDE4OhA++wRctvD9+UQB6GbOXf1c=
github.com/fsnotify/fsnotify v1.10.1 h1:b0/UzAf9yR5rhf3RPm9gf3ehBPpf0oZKIjtpKrx59Ho=
github.com/fsnotify/fsnotify v1.10.1/go.mod h1:TLheqan6HD6GBK6PrDWyDPBaEV8LspOxvPSjC+bVfgo=
github.com/gliderlabs/ssh v0.3.8 h1:a4YXD1V7xMF9g5nTkdfnja3Sxy1PVDCj1Zg4Wb8vY6c=
github.com/gliderlabs/ssh v0.3.8/go.mod h1:xYoytBv1sV0aL3CavoDuJIQNURXkkfPA/wxQ1pL1fAU=
github.com/go-git/gcfg v1.5.1-0.20230307220236-3a3c6141e376 h1:+zs/tPmkDkHx3U66DAb0lQFJrpS6731Oaa12ikc+DiI=
github.com/go-git/gcfg v1.5.1-0.20230307220236-3a3c6141e376/go.mod h1:an3vInlBmSxCcxctByoQdvwPiA7DTK7jaaFDBTtu0ic=
github.com/go-git/go-billy/v5 v5.9.0 h1:jItGXszUDRtR/AlferWPTMN4j38BQ88XnXKbilmmBPA=
github.com/go-git/go-billy/v5 v5.9.0/go.mod h1:jCnQMLj9eUgGU7+ludSTYoZL/GGmii14RxKFj7ROgHw=
github.com/go-git/go-git-fixtures/v4 v4.3.2-0.20231010084843-55a94097c399 h1:eMje31YglSBqCdIqdhKBW8lokaMrL3uTkpGYlE2OOT4=
github.com/go-git/go-git-fixtures/v4 v4.3.2-0.20231010084843-55a94097c399/go.mod h1:1OCfN199q1Jm3HZlxleg+Dw/mwps2Wbk9frAWm+4FII=
github.com/go-git/go-git/v5 v5.19.1 h1:nX27AnaU43/K5bKktKwgBmR9lawoYVe1Ckg0rgzzN00=
github.com/go-git/go-git/v5 v5.19.1/go.mod h1:Pb1v0c7/g8aGQJwx9Us09W85yGoyvSwuhEGMH7zjDKQ=
github.com/go-logr/logr v1.4.3 h1:CjnDlHq8ikf6E492q6eKboGOC0T8CDaOvkHCIg8idEI=
github.com/go-logr/logr v1.4.3/go.mod h1:9T104GzyrTigFIr8wt5mBrctHMim0Nb2HLGrmQ40KvY=
github.com/go-logr/stdr v1.2.2 h1:hSWxHoqTgW2S2qGc0LTAI563KZ5YKYRhT3MFKZMbjag=
github.com/go-logr/stdr v1.2.2/go.mod h1:mMo/vtBO5dYbehREoey6XUKy/eSumjCCveDpRre4VKE=
github.com/go-viper/mapstructure/v2 v2.4.0 h1:EBsztssimR/CONLSZZ04E8qAkxNYq4Qp9LvH92wZUgs=
github.com/go-viper/mapstructure/v2 v2.4.0/go.mod h1:oJDH3BJKyqBA2TXFhDsKDGDTlndYOZ6rGS0BRZIxGhM=
github.com/golang-jwt/jwt/v5 v5.3.1 h1:kYf81DTWFe7t+1VvL7eS+jKFVWaUnK9cB1qbwn63YCY=
github.com/golang-jwt/jwt/v5 v5.3.1/go.mod h1:fxCRLWMO43lRc8nhHWY6LGqRcf+1gQWArsqaEUEa5bE=
github.com/golang/groupcache v0.0.0-20241129210726-2c02b8208cf8 h1:f+oWsMOmNPc8JmEHVZIycC7hBoQxHH9pNKQORJNozsQ=
github.com/golang/groupcache v0.0.0-20241129210726-2c02b8208cf8/go.mod h1:wcDNUvekVysuuOpQKo3191zZyTpiI6se1N1ULghS0sw=
github.com/golang/protobuf v1.5.4 h1:i7eJL8qZTpSEXOPTxNKhASYpMn+8e5Q6AdndVa1dWek=
github.com/golang/protobuf v1.5.4/go.mod h1:lnTiLA8Wa4RWRcIUkrtSVa5nRhsEGBg48fD6rSs7xps=
github.com/golang/snappy v1.0.0 h1:Oy607GVXHs7RtbggtPBnr2RmDArIsAefDwvrdWvRhGs=
github.com/golang/snappy v1.0.0/go.mod h1:/XxbfmMg8lxefKM7IXC3fBNl/7bRcc72aCRzEWrmP2Q=
github.com/google/go-cmp v0.6.0/go.mod h1:17dUlkBOakJ0+DkrSSNjCkIjxS6bF9zb3elmeNGIjoY=
github.com/google/go-cmp v0.7.0 h1:wk8382ETsv4JYUZwIsn6YpYiWiBsYLSJiTsyBybVuN8=
github.com/google/go-cmp v0.7.0/go.mod h1:pXiqmnSA92OHEEa9HXL2W4E7lf9JzCmGVUdgjX3N/iU=
github.com/google/go-github/v57 v57.0.0 h1:L+Y3UPTY8ALM8x+TV0lg+IEBI+upibemtBD8Q9u7zHs=
github.com/google/go-github/v57 v57.0.0/go.mod h1:s0omdnye0hvK/ecLvpsGfJMiRt85PimQh4oygmLIxHw=
github.com/google/go-querystring v1.2.0 h1:yhqkPbu2/OH+V9BfpCVPZkNmUXhb2gBxJArfhIxNtP0=
github.com/google/go-querystring v1.2.0/go.mod h1:8IFJqpSRITyJ8QhQ13bmbeMBDfmeEJZD5A0egEOmkqU=
github.com/google/gofuzz v1.0.0/go.mod h1:dBl0BpW6vV/+mYPU4Po3pmUjxk6FQPldtuIdl/M65Eg=
github.com/google/jsonschema-go v0.4.3 h1:/DBOLZTfDow7pe2GmaJNhltueGTtDKICi8V8p+DQPd0=
github.com/google/jsonschema-go v0.4.3/go.mod h1:r5quNTdLOYEz95Ru18zA0ydNbBuYoo9tgaYcxEYhJVE=
github.com/google/uuid v1.6.0 h1:NIvaJDMOsjHA8n1jAhLSgzrAzy1Hgr+hNrb57e+94F0=
github.com/google/uuid v1.6.0/go.mod h1:TIyPZe4MgqvfeYDBFedMoGGpEw/LqOeaOT+nhxU+yHo=
github.com/gopherjs/gopherjs v1.17.2 h1:fQnZVsXk8uxXIStYb0N4bGk7jeyTalG/wsZjQ25dO0g=
github.com/gopherjs/gopherjs v1.17.2/go.mod h1:pRRIvn/QzFLrKfvEz3qUuEhtE/zLCWfreZ6J5gM2i+k=
github.com/jackc/pgpassfile v1.0.0 h1:/6Hmqy13Ss2zCq62VdNG8tM1wchn8zjSGOBJ6icpsIM=
github.com/jackc/pgpassfile v1.0.0/go.mod h1:CEx0iS5ambNFdcRtxPj5JhEz+xB6uRky5eyVu/W2HEg=
github.com/jackc/pgservicefile v0.0.0-20240606120523-5a60cdf6a761 h1:iCEnooe7UlwOQYpKFhBabPMi4aNAfoODPEFNiAnClxo=
github.com/jackc/pgservicefile v0.0.0-20240606120523-5a60cdf6a761/go.mod h1:5TJZWKEWniPve33vlWYSoGYefn3gLQRzjfDlhSJ9ZKM=
github.com/jackc/pgx/v5 v5.9.2 h1:3ZhOzMWnR4yJ+RW1XImIPsD1aNSz4T4fyP7zlQb56hw=
github.com/jackc/pgx/v5 v5.9.2/go.mod h1:mal1tBGAFfLHvZzaYh77YS/eC6IX9OWbRV1QIIM0Jn4=
github.com/jackc/puddle/v2 v2.2.2 h1:PR8nw+E/1w0GLuRFSmiioY6UooMp6KJv0/61nB7icHo=
github.com/jackc/puddle/v2 v2.2.2/go.mod h1:vriiEXHvEE654aYKXXjOvZM39qJ0q+azkZFrfEOc3H4=
github.com/jbenet/go-context v0.0.0-20150711004518-d14ea06fba99 h1:BQSFePA1RWJOlocH6Fxy8MmwDt+yVQYULKfN0RoTN8A=
github.com/jbenet/go-context v0.0.0-20150711004518-d14ea06fba99/go.mod h1:1lJo3i6rXxKeerYnT8Nvf0QmHCRC1n8sfWVwXF2Frvo=
github.com/json-iterator/go v1.1.12 h1:PV8peI4a0ysnczrg+LtxykD8LfKY9ML6u2jnxaEnrnM=
github.com/json-iterator/go v1.1.12/go.mod h1:e30LSqwooZae/UwlEbR2852Gd8hjQvJoHmT4TnhNGBo=
github.com/jtolds/gls v4.20.0+incompatible h1:xdiiI2gbIgH/gLH7ADydsJ1uDOEzR8yvV7C0MuV77Wo=
github.com/jtolds/gls v4.20.0+incompatible/go.mod h1:QJZ7F/aHp+rZTRtaJ1ow/lLfFfVYBRgL+9YlvaHOwJU=
github.com/kevinburke/ssh_config v1.6.0 h1:J1FBfmuVosPHf5GRdltRLhPJtJpTlMdKTBjRgTaQBFY=
github.com/kevinburke/ssh_config v1.6.0/go.mod h1:q2RIzfka+BXARoNexmF9gkxEX7DmvbW9P4hIVx2Kg4M=
github.com/klauspost/cpuid/v2 v2.3.0 h1:S4CRMLnYUhGeDFDqkGriYKdfoFlDnMtqTiI/sFzhA9Y=
github.com/klauspost/cpuid/v2 v2.3.0/go.mod h1:hqwkgyIinND0mEev00jJYCxPNVRVXFQeu1XKlok6oO0=
github.com/knadh/koanf/maps v0.1.2 h1:RBfmAW5CnZT+PJ1CVc1QSJKf4Xu9kxfQgYVQSu8hpbo=
github.com/knadh/koanf/maps v0.1.2/go.mod h1:npD/QZY3V6ghQDdcQzl1W4ICNVTkohC8E73eI2xW4yI=
github.com/knadh/koanf/parsers/json v1.0.0 h1:1pVR1JhMwbqSg5ICzU+surJmeBbdT4bQm7jjgnA+f8o=
github.com/knadh/koanf/parsers/json v1.0.0/go.mod h1:zb5WtibRdpxSoSJfXysqGbVxvbszdlroWDHGdDkkEYU=
github.com/knadh/koanf/providers/confmap v1.0.0 h1:mHKLJTE7iXEys6deO5p6olAiZdG5zwp8Aebir+/EaRE=
github.com/knadh/koanf/providers/confmap v1.0.0/go.mod h1:txHYHiI2hAtF0/0sCmcuol4IDcuQbKTybiB1nOcUo1A=
github.com/knadh/koanf/providers/env/v2 v2.0.0 h1:Ad5H3eun722u+FvchiIcEIJZsZ2M6oxCkgZfWN5B5KY=
github.com/knadh/koanf/providers/env/v2 v2.0.0/go.mod h1:1g01PE+Ve1gBfWNNw2wmULRP0tc8RJrjn5p2N/jNCIc=
github.com/knadh/koanf/providers/file v1.2.1 h1:bEWbtQwYrA+W2DtdBrQWyXqJaJSG3KrP3AESOJYp9wM=
github.com/knadh/koanf/providers/file v1.2.1/go.mod h1:bp1PM5f83Q+TOUu10J/0ApLBd9uIzg+n9UgthfY+nRA=
github.com/knadh/koanf/v2 v2.3.4 h1:fnynNSDlujWE+v83hAp8wKr/cdoxHLO0629SN+U8Urc=
github.com/knadh/koanf/v2 v2.3.4/go.mod h1:gRb40VRAbd4iJMYYD5IxZ6hfuopFcXBpc9bbQpZwo28=
github.com/kr/pretty v0.1.0/go.mod h1:dAy3ld7l9f0ibDNOQOHHMYYIIbhfbHSm3C4ZsoJORNo=
github.com/kr/pretty v0.3.1 h1:flRD4NNwYAUpkphVc1HcthR4KEIFJ65n8Mw5qdRn3LE=
github.com/kr/pretty v0.3.1/go.mod h1:hoEshYVHaxMs3cyo3Yncou5ZscifuDolrwPKZanG3xk=
github.com/kr/pty v1.1.1/go.mod h1:pFQYn66WHrOpPYNljwOMqo10TkYh1fy3cYio2l3bCsQ=
github.com/kr/text v0.1.0/go.mod h1:4Jbv+DJW3UT/LiOwJeYQe1efqtUx/iVham/4vfdArNI=
github.com/kr/text v0.2.0 h1:5Nx0Ya0ZqY2ygV366QzturHI13Jq95ApcVaJBhpS+AY=
github.com/kr/text v0.2.0/go.mod h1:eLer722TekiGuMkidMxC/pM04lWEeraHUUmBw8l2grE=
github.com/kylelemons/godebug v1.1.0 h1:RPNrshWIDI6G2gRW9EHilWtl7Z6Sb1BR0xunSBf0SNc=
github.com/kylelemons/godebug v1.1.0/go.mod h1:9/0rRGxNHcop5bhtWyNeEfOS8JIWk580+fNqagV/RAw=
github.com/mattn/go-colorable v0.1.14 h1:9A9LHSqF/7dyVVX6g0U9cwm9pG3kP9gSzcuIPHPsaIE=
github.com/mattn/go-colorable v0.1.14/go.mod h1:6LmQG8QLFO4G5z1gPvYEzlUgJ2wF+stgPZH1UqBm1s8=
github.com/mattn/go-isatty v0.0.21 h1:xYae+lCNBP7QuW4PUnNG61ffM4hVIfm+zUzDuSzYLGs=
github.com/mattn/go-isatty v0.0.21/go.mod h1:ZXfXG4SQHsB/w3ZeOYbR0PrPwLy+n6xiMrJlRFqopa4=
github.com/mattn/go-pointer v0.0.1 h1:n+XhsuGeVO6MEAp7xyEukFINEa+Quek5psIR/ylA6o0=
github.com/mattn/go-pointer v0.0.1/go.mod h1:2zXcozF6qYGgmsG+SeTZz3oAbFLdD3OWqnUbNvJZAlc=
github.com/mattn/go-runewidth v0.0.21 h1:jJKAZiQH+2mIinzCJIaIG9Be1+0NR+5sz/lYEEjdM8w=
github.com/mattn/go-runewidth v0.0.21/go.mod h1:XBkDxAl56ILZc9knddidhrOlY5R/pDhgLpndooCuJAs=
github.com/mitchellh/copystructure v1.2.0 h1:vpKXTN4ewci03Vljg/q9QvCGUDttBOGBIa15WveJJGw=
github.com/mitchellh/copystructure v1.2.0/go.mod h1:qLl+cE2AmVv+CoeAwDPye/v+N2HKCj9FbZEVFJRxO9s=
github.com/mitchellh/reflectwalk v1.0.2 h1:G2LzWKi524PWgd3mLHV8Y5k7s6XUvT0Gef6zxSIeXaQ=
github.com/mitchellh/reflectwalk v1.0.2/go.mod h1:mSTlrgnPZtwu0c4WaC2kGObEpuNDbx0jmZXqmk4esnw=
github.com/modelcontextprotocol/go-sdk v1.6.0 h1:PPLS3kn7WtOEnR+Af4X5H96SG0qSab8R/ZQT/HkhPkY=
github.com/modelcontextprotocol/go-sdk v1.6.0/go.mod h1:kzm3kzFL1/+AziGOE0nUs3gvPoNxMCvkxokMkuFapXQ=
github.com/modern-go/concurrent v0.0.0-20180228061459-e0a39a4cb421/go.mod h1:6dJC0mAP4ikYIbvyc7fijjWJddQyLn8Ig3JB5CqoB9Q=
github.com/modern-go/concurrent v0.0.0-20180306012644-bacd9c7ef1dd h1:TRLaZ9cD/w8PVh93nsPXa1VrQ6jlwL5oN8l14QlcNfg=
github.com/modern-go/concurrent v0.0.0-20180306012644-bacd9c7ef1dd/go.mod h1:6dJC0mAP4ikYIbvyc7fijjWJddQyLn8Ig3JB5CqoB9Q=
github.com/modern-go/reflect2 v1.0.2 h1:xBagoLtFs94CBntxluKeaWgTMpvLxC4ur3nMaC9Gz0M=
github.com/modern-go/reflect2 v1.0.2/go.mod h1:yWuevngMOJpCy52FWWMvUC8ws7m/LJsjYzDa0/r8luk=
github.com/mschoch/smat v0.2.0 h1:8imxQsjDm8yFEAVBe7azKmKSgzSkZXDuKkSq9374khM=
github.com/mschoch/smat v0.2.0/go.mod h1:kc9mz7DoBKqDyiRL7VZN8KvXQMWeTaVnttLRXOlotKw=
github.com/oklog/ulid/v2 v2.1.1 h1:suPZ4ARWLOJLegGFiZZ1dFAkqzhMjL3J1TzI+5wHz8s=
github.com/oklog/ulid/v2 v2.1.1/go.mod h1:rcEKHmBBKfef9DhnvX7y1HZBYxjXb0cP5ExxNsTT1QQ=
github.com/olekukonko/cat v0.0.0-20250911104152-50322a0618f6 h1:zrbMGy9YXpIeTnGj4EljqMiZsIcE09mmF8XsD5AYOJc=
github.com/olekukonko/cat v0.0.0-20250911104152-50322a0618f6/go.mod h1:rEKTHC9roVVicUIfZK7DYrdIoM0EOr8mK1Hj5s3JjH0=
github.com/olekukonko/errors v1.2.0 h1:10Zcn4GeV59t/EGqJc8fUjtFT/FuUh5bTMzZ1XwmCRo=
github.com/olekukonko/errors v1.2.0/go.mod h1:ppzxA5jBKcO1vIpCXQ9ZqgDh8iwODz6OXIGKU8r5m4Y=
github.com/olekukonko/ll v0.1.6 h1:lGVTHO+Qc4Qm+fce/2h2m5y9LvqaW+DCN7xW9hsU3uA=
github.com/olekukonko/ll v0.1.6/go.mod h1:NVUmjBb/aCtUpjKk75BhWrOlARz3dqsM+OtszpY4o88=
github.com/olekukonko/tablewriter v1.1.4 h1:ORUMI3dXbMnRlRggJX3+q7OzQFDdvgbN9nVWj1drm6I=
github.com/olekukonko/tablewriter v1.1.4/go.mod h1:+kedxuyTtgoZLwif3P1Em4hARJs+mVnzKxmsCL/C5RY=
github.com/onsi/gomega v1.34.1 h1:EUMJIKUjM8sKjYbtxQI9A4z2o+rruxnzNvpknOXie6k=
github.com/onsi/gomega v1.34.1/go.mod h1:kU1QgUvBDLXBJq618Xvm2LUX6rSAfRaFRTcdOeDLwwY=
github.com/pborman/getopt v0.0.0-20170112200414-7148bc3a4c30/go.mod h1:85jBQOZwpVEaDAr341tbn15RS4fCAsIst0qp7i8ex1o=
github.com/pjbgf/sha1cd v0.6.0 h1:3WJ8Wz8gvDz29quX1OcEmkAlUg9diU4GxJHqs0/XiwU=
github.com/pjbgf/sha1cd v0.6.0/go.mod h1:lhpGlyHLpQZoxMv8HcgXvZEhcGs0PG/vsZnEJ7H0iCM=
github.com/pkg/browser v0.0.0-20240102092130-5ac0b6a4141c h1:+mdjkGKdHQG3305AYmdv1U2eRNDiU2ErMBj1gwrq8eQ=
github.com/pkg/browser v0.0.0-20240102092130-5ac0b6a4141c/go.mod h1:7rwL4CYBLnjLxUqIJNnCWiEdr3bn6IUYi15bNlnbCCU=
github.com/pkg/errors v0.9.1 h1:FEBLx1zS214owpjy7qsBeixbURkuhQAwrK5UwLGTwt4=
github.com/pkg/errors v0.9.1/go.mod h1:bwawxfHBFNV+L2hUp1rHADufV3IMtnDRdf1r5NINEl0=
github.com/pmezard/go-difflib v1.0.0 h1:4DBwDE0NGyQoBHbLQYPwSUPoCMWR5BEzIk/f1lZbAQM=
github.com/pmezard/go-difflib v1.0.0/go.mod h1:iKH77koFhYxTK1pcRnkKkqfTogsbg7gZNVY4sRDYZ/4=
github.com/praetorian-inc/titus v1.2.0 h1:cEiScUeE5CWl179FDagc7dr5ypvGmgNa0xmD+H/kfXg=
github.com/praetorian-inc/titus v1.2.0/go.mod h1:Hrjwlww3Ces8WHejO3OOZJP/7ZVMo3CAZAsoniNl30g=
github.com/rogpeppe/go-internal v1.14.1 h1:UQB4HGPB6osV0SQTLymcB4TgvyWu6ZyliaW0tI/otEQ=
github.com/rogpeppe/go-internal v1.14.1/go.mod h1:MaRKkUm5W0goXpeCfT7UZI6fk/L7L7so1lCWt35ZSgc=
github.com/segmentio/asm v1.1.3 h1:WM03sfUOENvvKexOLp+pCqgb/WDjsi7EK8gIsICtzhc=
github.com/segmentio/asm v1.1.3/go.mod h1:Ld3L4ZXGNcSLRg4JBsZ3//1+f/TjYl0Mzen/DQy1EJg=
github.com/segmentio/encoding v0.5.4 h1:OW1VRern8Nw6ITAtwSZ7Idrl3MXCFwXHPgqESYfvNt0=
github.com/segmentio/encoding v0.5.4/go.mod h1:HS1ZKa3kSN32ZHVZ7ZLPLXWvOVIiZtyJnO1gPH1sKt0=
github.com/sergi/go-diff v1.4.0 h1:n/SP9D5ad1fORl+llWyN+D6qoUETXNZARKjyY2/KVCw=
github.com/sergi/go-diff v1.4.0/go.mod h1:A0bzQcvG0E7Rwjx0REVgAGH58e96+X0MeOfepqsbeW4=
github.com/sirupsen/logrus v1.7.0/go.mod h1:yWOB1SBYBC5VeMP7gHvWumXLIWorT60ONWic61uBYv0=
github.com/skeema/knownhosts v1.3.2 h1:EDL9mgf4NzwMXCTfaxSD/o/a5fxDw/xL9nkU28JjdBg=
github.com/skeema/knownhosts v1.3.2/go.mod h1:bEg3iQAuw+jyiw+484wwFJoKSLwcfd7fqRy+N0QTiow=
github.com/smarty/assertions v1.15.0 h1:cR//PqUBUiQRakZWqBiFFQ9wb8emQGDb0HeGdqGByCY=
github.com/smarty/assertions v1.15.0/go.mod h1:yABtdzeQs6l1brC900WlRNwj6ZR55d7B+E8C6HtKdec=
github.com/smartystreets/goconvey v1.8.1 h1:qGjIddxOk4grTu9JPOU31tVfq3cNdBlNa5sSznIX1xY=
github.com/smartystreets/goconvey v1.8.1/go.mod h1:+/u4qLyY6x1jReYOp7GOM2FSt8aP9CzCZL03bI28W60=
github.com/stretchr/objx v0.1.0/go.mod h1:HFkY916IF+rwdDfMAkV7OtwuqBVzrE8GR6GFx+wExME=
github.com/stretchr/testify v1.2.2/go.mod h1:a8OnRcib4nhh0OaRAV+Yts87kKdq0PP7pXfy6kDkUVs=
github.com/stretchr/testify v1.3.0/go.mod h1:M5WIy9Dh21IEIfnGCwXGc5bZfKNJtfHm1UVUgZn+9EI=
github.com/stretchr/testify v1.4.0/go.mod h1:j7eGeouHqKxXV5pUuKE4zz7dFj8WfuZ+81PSLYec5m4=
github.com/stretchr/testify v1.7.0/go.mod h1:6Fq8oRcR53rry900zMqJjRRixrwX3KX962/h/Wwjteg=
github.com/stretchr/testify v1.11.1 h1:7s2iGBzp5EwR7/aIZr8ao5+dra3wiQyKjjFuvgVKu7U=
github.com/stretchr/testify v1.11.1/go.mod h1:wZwfW3scLgRK+23gO65QZefKpKQRnfz6sD981Nm4B6U=
github.com/tree-sitter-grammars/tree-sitter-zig v1.1.2 h1:j8JARutysdxMwBEfVLGx9us7cdSzD1TTui/pPLGCFDk=
github.com/tree-sitter-grammars/tree-sitter-zig v1.1.2/go.mod h1:ekWQEqj2e/gQal396f5rKJ6L14/a4bMPMqSRzmf8OZE=
github.com/tree-sitter/go-tree-sitter v0.25.0 h1:sx6kcg8raRFCvc9BnXglke6axya12krCJF5xJ2sftRU=
github.com/tree-sitter/go-tree-sitter v0.25.0/go.mod h1:r77ig7BikoZhHrrsjAnv8RqGti5rtSyvDHPzgTPsUuU=
github.com/tree-sitter/tree-sitter-c v0.24.1 h1:GV9DjvIV6uYe3W/JBKMFwE4hJcRxzRDq63llxNFHOkY=
github.com/tree-sitter/tree-sitter-c v0.24.1/go.mod h1:/SpJlv2BuiCgFA5xvtgukFGi51WxctByPUGDxPl60fc=
github.com/tree-sitter/tree-sitter-cpp v0.23.4 h1:LaWZsiqQKvR65yHgKmnaqA+uz6tlDJTJFCyFIeZU/8w=
github.com/tree-sitter/tree-sitter-cpp v0.23.4/go.mod h1:doqNW64BriC7WBCQ1klf0KmJpdEvfxyXtoEybnBo6v8=
github.com/tree-sitter/tree-sitter-embedded-template v0.23.2 h1:nFkkH6Sbe56EXLmZBqHHcamTpmz3TId97I16EnGy4rg=
github.com/tree-sitter/tree-sitter-embedded-template v0.23.2/go.mod h1:HNPOhN0qF3hWluYLdxWs5WbzP/iE4aaRVPMsdxuzIaQ=
github.com/tree-sitter/tree-sitter-go v0.25.0 h1:cEB0Q3LHgZtS+ECHx9wcP7AwzoOddJFQCVmytX42cVU=
github.com/tree-sitter/tree-sitter-go v0.25.0/go.mod h1:Jrx8QqYN0v7npv1fJRH1AznddllYiCMUChtVjxPK040=
github.com/tree-sitter/tree-sitter-html v0.23.2 h1:1UYDV+Yd05GGRhVnTcbP58GkKLSHHZwVaN+lBZV11Lc=
github.com/tree-sitter/tree-sitter-html v0.23.2/go.mod h1:gpUv/dG3Xl/eebqgeYeFMt+JLOY9cgFinb/Nw08a9og=
github.com/tree-sitter/tree-sitter-java v0.23.5 h1:J9YeMGMwXYlKSP3K4Us8CitC6hjtMjqpeOf2GGo6tig=
github.com/tree-sitter/tree-sitter-java v0.23.5/go.mod h1:NRKlI8+EznxA7t1Yt3xtraPk1Wzqh3GAIC46wxvc320=
github.com/tree-sitter/tree-sitter-javascript v0.25.0 h1:ZkWETb66/w8cc13yhfnNuHOLDQWl3BnKlH6f9AdR88c=
github.com/tree-sitter/tree-sitter-javascript v0.25.0/go.mod h1:lmGD1EJdCA+v0S1u2fFgepMg/opzSg/4pgFym2FPGAs=
github.com/tree-sitter/tree-sitter-json v0.24.8 h1:tV5rMkihgtiOe14a9LHfDY5kzTl5GNUYe6carZBn0fQ=
github.com/tree-sitter/tree-sitter-json v0.24.8/go.mod h1:F351KK0KGvCaYbZ5zxwx/gWWvZhIDl0eMtn+1r+gQbo=
github.com/tree-sitter/tree-sitter-php v0.23.11 h1:iHewsLNDmznh8kgGyfWfujsZxIz1YGbSd2ZTEM0ZiP8=
github.com/tree-sitter/tree-sitter-php v0.23.11/go.mod h1:T/kbfi+UcCywQfUNAJnGTN/fMSUjnwPXA8k4yoIks74=
github.com/tree-sitter/tree-sitter-python v0.25.0 h1:O6XD9v8U1LOcRc3cNj9nM7XufrtEBezE6VrpRrHZDf0=
github.com/tree-sitter/tree-sitter-python v0.25.0/go.mod h1:cpdthSy/Yoa28aJFBscFHlGiU+cnSiSh1kuDVtI8YeM=
github.com/tree-sitter/tree-sitter-ruby v0.23.1 h1:T/NKHUA+iVbHM440hFx+lzVOzS4dV6z8Qw8ai+72bYo=
github.com/tree-sitter/tree-sitter-ruby v0.23.1/go.mod h1:kUS4kCCQloFcdX6sdpr8p6r2rogbM6ZjTox5ZOQy8cA=
github.com/tree-sitter/tree-sitter-rust v0.24.0 h1:nr3ga5ThXyPR5n/DiMq4Zh3e8pMR+sfzk088QE809+g=
github.com/tree-sitter/tree-sitter-rust v0.24.0/go.mod h1:hfeGWic9BAfgTrc7Xf6FaOAguCFJRo3RBbs7QJ6D7MI=
github.com/tree-sitter/tree-sitter-typescript v0.23.2 h1:/Odvphn18PniVixb9e97X0DbNVsU6Qocv9mfkyzdXwU=
github.com/tree-sitter/tree-sitter-typescript v0.23.2/go.mod h1:zjzMXT/Ulffel2xfOcAkQQkiAkmgnbtPGlFQw/5X4xA=
github.com/xanzy/ssh-agent v0.3.3 h1:+/15pJfg/RsTxqYcX6fHqOXZwwMP+2VyYWJeWM2qQFM=
github.com/xanzy/ssh-agent v0.3.3/go.mod h1:6dzNDKs0J9rVPHPhaGCukekBHKqfl+L3KghI1Bc68Uw=
github.com/yosida95/uritemplate/v3 v3.0.2 h1:Ed3Oyj9yrmi9087+NczuL5BwkIc4wvTb5zIM+UJPGz4=
github.com/yosida95/uritemplate/v3 v3.0.2/go.mod h1:ILOh0sOhIJR3+L/8afwt/kE++YT040gmv5BQTMR2HP4=
go.etcd.io/bbolt v1.4.3 h1:dEadXpI6G79deX5prL3QRNP6JB8UxVkqo4UPnHaNXJo=
go.etcd.io/bbolt v1.4.3/go.mod h1:tKQlpPaYCVFctUIgFKFnAlvbmB3tpy1vkTnDWohtc0E=
go.opentelemetry.io/auto/sdk v1.2.1 h1:jXsnJ4Lmnqd11kwkBV2LgLoFMZKizbCi5fNZ/ipaZ64=
go.opentelemetry.io/auto/sdk v1.2.1/go.mod h1:KRTj+aOaElaLi+wW1kO/DZRXwkF4C5xPbEe3ZiIhN7Y=
go.opentelemetry.io/otel v1.43.0 h1:mYIM03dnh5zfN7HautFE4ieIig9amkNANT+xcVxAj9I=
go.opentelemetry.io/otel v1.43.0/go.mod h1:JuG+u74mvjvcm8vj8pI5XiHy1zDeoCS2LB1spIq7Ay0=
go.opentelemetry.io/otel/metric v1.43.0 h1:d7638QeInOnuwOONPp4JAOGfbCEpYb+K6DVWvdxGzgM=
go.opentelemetry.io/otel/metric v1.43.0/go.mod h1:RDnPtIxvqlgO8GRW18W6Z/4P462ldprJtfxHxyKd2PY=
go.opentelemetry.io/otel/sdk v1.43.0 h1:pi5mE86i5rTeLXqoF/hhiBtUNcrAGHLKQdhg4h4V9Dg=
go.opentelemetry.io/otel/sdk v1.43.0/go.mod h1:P+IkVU3iWukmiit/Yf9AWvpyRDlUeBaRg6Y+C58QHzg=
go.opentelemetry.io/otel/sdk/metric v1.43.0 h1:S88dyqXjJkuBNLeMcVPRFXpRw2fuwdvfCGLEo89fDkw=
go.opentelemetry.io/otel/sdk/metric v1.43.0/go.mod h1:C/RJtwSEJ5hzTiUz5pXF1kILHStzb9zFlIEe85bhj6A=
go.opentelemetry.io/otel/trace v1.43.0 h1:BkNrHpup+4k4w+ZZ86CZoHHEkohws8AY+WTX09nk+3A=
go.opentelemetry.io/otel/trace v1.43.0/go.mod h1:/QJhyVBUUswCphDVxq+8mld+AvhXZLhe+8WVFxiFff0=
golang.org/x/crypto v0.0.0-20220622213112-05595931fe9d/go.mod h1:IxCIyHEi3zRg3s0A5j5BB6A9Jmi73HwBIUl50j+osU4=
golang.org/x/crypto v0.51.0 h1:IBPXwPfKxY7cWQZ38ZCIRPI50YLeevDLlLnyC5wRGTI=
golang.org/x/crypto v0.51.0/go.mod h1:8AdwkbraGNABw2kOX6YFPs3WM22XqI4EXEd8g+x7Oc8=
golang.org/x/exp v0.0.0-20260410095643-746e56fc9e2f h1:W3F4c+6OLc6H2lb//N1q4WpJkhzJCK5J6kUi1NTVXfM=
golang.org/x/exp v0.0.0-20260410095643-746e56fc9e2f/go.mod h1:J1xhfL/vlindoeF/aINzNzt2Bket5bjo9sdOYzOsU80=
golang.org/x/net v0.0.0-20211112202133-69e39bad7dc2/go.mod h1:9nx3DQGgdP8bBQD5qxJ1jj9UTztislL4KSBs9R2vV5Y=
golang.org/x/net v0.54.0 h1:2zJIZAxAHV/OHCDTCOHAYehQzLfSXuf/5SoL/Dv6w/w=
golang.org/x/net v0.54.0/go.mod h1:Sj4oj8jK6XmHpBZU/zWHw3BV3abl4Kvi+Ut7cQcY+cQ=
golang.org/x/oauth2 v0.36.0 h1:peZ/1z27fi9hUOFCAZaHyrpWG5lwe0RJEEEeH0ThlIs=
golang.org/x/oauth2 v0.36.0/go.mod h1:YDBUJMTkDnJS+A4BP4eZBjCqtokkg1hODuPjwiGPO7Q=
golang.org/x/sync v0.20.0 h1:e0PTpb7pjO8GAtTs2dQ6jYa5BWYlMuX047Dco/pItO4=
golang.org/x/sync v0.20.0/go.mod h1:9xrNwdLfx4jkKbNva9FpL6vEN7evnE43NNNJQ2LF3+0=
golang.org/x/sys v0.0.0-20191026070338-33540a1f6037/go.mod h1:h1NjWce9XRLGQEsW7wpKNCjG9DtNlClVuFLEZdDNbEs=
golang.org/x/sys v0.0.0-20201119102817-f84b799fce68/go.mod h1:h1NjWce9XRLGQEsW7wpKNCjG9DtNlClVuFLEZdDNbEs=
golang.org/x/sys v0.0.0-20210124154548-22da62e12c0c/go.mod h1:h1NjWce9XRLGQEsW7wpKNCjG9DtNlClVuFLEZdDNbEs=
golang.org/x/sys v0.0.0-20210423082822-04245dca01da/go.mod h1:h1NjWce9XRLGQEsW7wpKNCjG9DtNlClVuFLEZdDNbEs=
golang.org/x/sys v0.0.0-20210615035016-665e8c7367d1/go.mod h1:oPkhp1MJrh7nUepCBck5+mAzfO9JrbApNNgaTdGDITg=
golang.org/x/sys v0.0.0-20220715151400-c0bba94af5f8/go.mod h1:oPkhp1MJrh7nUepCBck5+mAzfO9JrbApNNgaTdGDITg=
golang.org/x/sys v0.44.0 h1:ildZl3J4uzeKP07r2F++Op7E9B29JRUy+a27EibtBTQ=
golang.org/x/sys v0.44.0/go.mod h1:4GL1E5IUh+htKOUEOaiffhrAeqysfVGipDYzABqnCmw=
golang.org/x/term v0.0.0-20201126162022-7de9c90e9dd1/go.mod h1:bj7SfCRtBDWHUb9snDiAeCFNEtKQo2Wmx5Cou7ajbmo=
golang.org/x/term v0.43.0 h1:S4RLU2sB31O/NCl+zFN9Aru9A/Cq2aqKpTZJ6B+DwT4=
golang.org/x/term v0.43.0/go.mod h1:lrhlHNdQJHO+1qVYiHfFKVuVioJIheAc3fBSMFYEIsk=
golang.org/x/text v0.3.6/go.mod h1:5Zoc/QRtKVWzQhOtBMvqHzDpF6irO9z98xDceosuGiQ=
golang.org/x/text v0.37.0 h1:Cqjiwd9eSg8e0QAkyCaQTNHFIIzWtidPahFWR83rTrc=
golang.org/x/text v0.37.0/go.mod h1:a5sjxXGs9hsn/AJVwuElvCAo9v8QYLzvavO5z2PiM38=
golang.org/x/tools v0.0.0-20180917221912-90fa682c2a6e/go.mod h1:n7NCudcB/nEzxVGmLbDWY5pfWTLqBcC2KZ6jyYvM4mQ=
golang.org/x/tools v0.44.0 h1:UP4ajHPIcuMjT1GqzDWRlalUEoY+uzoZKnhOjbIPD2c=
golang.org/x/tools v0.44.0/go.mod h1:KA0AfVErSdxRZIsOVipbv3rQhVXTnlU6UhKxHd1seDI=
gonum.org/v1/gonum v0.17.0 h1:VbpOemQlsSMrYmn7T2OUvQ4dqxQXU+ouZFQsZOx50z4=
gonum.org/v1/gonum v0.17.0/go.mod h1:El3tOrEuMpv2UdMrbNlKEh9vd86bmQ6vqIcDwxEOc1E=
google.golang.org/genproto/googleapis/rpc v0.0.0-20260519071638-aa98bba5eb94 h1:eZCjr/aAF8c5ccm5pb6T4EXgIei5MlAAPWPJk+5ArfY=
google.golang.org/genproto/googleapis/rpc v0.0.0-20260519071638-aa98bba5eb94/go.mod h1:4Hqkh8ycfw05ld/3BWL7rJOSfebL2Q+DVDeRgYgxUU8=
google.golang.org/grpc v1.81.1 h1:VnnIIZ88UzOOKLukQi+ImGz8O1Wdp8nAGGnvOfEIWQQ=
google.golang.org/grpc v1.81.1/go.mod h1:xGH9GfzOyMTGIOXBJmXt+BX/V0kcdQbdcuwQ/zNw42I=
google.golang.org/protobuf v1.36.11 h1:fV6ZwhNocDyBLK0dj+fg8ektcVegBBuEolpbTQyBNVE=
google.golang.org/protobuf v1.36.11/go.mod h1:HTf+CrKn2C3g5S8VImy6tdcUvCska2kB7j23XfzDpco=
gopkg.in/check.v1 v0.0.0-20161208181325-20d25e280405/go.mod h1:Co6ibVJAznAaIkqp8huTwlJQCZ016jof/cbN4VW5Yz0=
gopkg.in/check.v1 v1.0.0-20190902080502-41f04d3bba15/go.mod h1:Co6ibVJAznAaIkqp8huTwlJQCZ016jof/cbN4VW5Yz0=
gopkg.in/check.v1 v1.0.0-20201130134442-10cb98267c6c h1:Hei/4ADfdWqJk1ZMxUNpqntNwaWcugrBjAiHlqqRiVk=
gopkg.in/check.v1 v1.0.0-20201130134442-10cb98267c6c/go.mod h1:JHkPIbrfpd72SG/EVd6muEfDQjcINNoR0C8j2r3qZ4Q=
gopkg.in/warnings.v0 v0.1.2 h1:wFXVbFY8DY5/xOe1ECiWdKCzZlxgshcYVNkBHstARME=
gopkg.in/warnings.v0 v0.1.2/go.mod h1:jksf8JmL6Qr/oQM2OXTHunEvvTAsrWBLb6OOjuVWRNI=
gopkg.in/yaml.v2 v2.2.2/go.mod h1:hI93XBmqTisBFMUTm0b8Fm+jr3Dg1NNxqwp+5A1VGuI=
gopkg.in/yaml.v2 v2.4.0/go.mod h1:RDklbk79AGWmwhnvt/jBztapEOGDOx6ZbXqjP6csGnQ=
gopkg.in/yaml.v3 v3.0.0-20200313102051-9f266ea9e77c/go.mod h1:K4uyk7z7BCEPqu6E+C64Yfv1cQ7kz7rIZviUmN+EgEM=
gopkg.in/yaml.v3 v3.0.1 h1:fxVm/GzAzEWqLHuvctI91KS9hhNmmWOoWu0XTYJS7CA=
gopkg.in/yaml.v3 v3.0.1/go.mod h1:K4uyk7z7BCEPqu6E+C64Yfv1cQ7kz7rIZviUmN+EgEM=
